
Microsoft Visual Studio Solution File, Format Version 12.00
# Visual Studio Version 16
VisualStudioVersion = 16.0.31702.278
MinimumVisualStudioVersion = 10.0.40219.1
Project("{FAE04EC0-301F-11D3-BF4B-00C04F79EFBC}") = "KieuVanThang341", "KieuVanThang341\KieuVanThang341.csproj", "{222D86BD-B97F-4726-A541-2F69F39D6254}"
EndProject
Global
	GlobalSection(SolutionConfigurationPlatforms) = preSolution
		Debug|Any CPU = Debug|Any CPU
		Release|Any CPU = Release|Any CPU
	EndGlobalSection
	GlobalSection(ProjectConfigurationPlatforms) = postSolution
		{222D86BD-B97F-4726-A541-2F69F39D6254}.Debug|Any CPU.ActiveCfg = Debug|Any CPU
		{222D86BD-B97F-4726-A541-2F69F39D6254}.Debug|Any CPU.Build.0 = Debug|Any CPU
		{222D86BD-B97F-4726-A541-2F69F39D6254}.Release|Any CPU.ActiveCfg = Release|Any CPU
		{222D86BD-B97F-4726-A541-2F69F39D6254}.Release|Any CPU.Build.0 = Release|Any CPU
	EndGlobalSection
	GlobalSection(SolutionProperties) = preSolution
		HideSolutionNode = FALSE
	EndGlobalSection
	GlobalSection(ExtensibilityGlobals) = postSolution
		SolutionGuid = {833719B8-47C1-4E43-AD78-339767080B8F}
	EndGlobalSection
EndGlobal
